
Microsoft Visual Studio Solution File, Format Version 12.00
# Visual Studio Version 17
VisualStudioVersion = 17.7.34003.232
MinimumVisualStudioVersion = 10.0.40219.1
Project("{FAE04EC0-301F-11D3-BF4B-00C04F79EFBC}") = "BaiTapMVC_Web", "BaiTapMVC_Web\BaiTapMVC_Web.csproj", "{F47F90FD-54BE-4B78-9C23-BB78A8B6812D}"
EndProject
Project("{FAE04EC0-301F-11D3-BF4B-00C04F79EFBC}") = "Lab01", "..\6151071045_VanCongHao\Lab01\Lab01\Lab01.csproj", "{C3AC071B-0689-4BD5-82F1-D204D88B8307}"
EndProject
Project("{FAE04EC0-301F-11D3-BF4B-00C04F79EFBC}") = "Bai1_Lab02", "..\6151071045_VanCongHao\Lab02\Bai1_\Bai1_Lab02.csproj", "{1B313D63-B5D3-4996-B688-E09F8AA50BD0}"
EndProject
Project("{FAE04EC0-301F-11D3-BF4B-00C04F79EFBC}") = "Bai2_Lab02", "..\6151071045_VanCongHao\Lab02\Bai2_\Bai2_Lab02.csproj", "{1AE5BC59-BCA3-4977-96EB-92F18875C22C}"
EndProject
Project("{FAE04EC0-301F-11D3-BF4B-00C04F79EFBC}") = "Bai3_Lab02", "..\6151071045_VanCongHao\Lab02\Bai3_\Bai3_Lab02.csproj", "{94E629EC-270E-419F-A5A1-CC85427585EA}"
EndProject
Project("{FAE04EC0-301F-11D3-BF4B-00C04F79EFBC}") = "Bai1_Lab03", "..\6151071045_VanCongHao\Lab03\Bai1_\Bai1_Lab03.csproj", "{4B8A7EED-F31B-440D-A7A6-E819320EA07B}"
EndProject
Project("{FAE04EC0-301F-11D3-BF4B-00C04F79EFBC}") = "Bai2_Lab03", "..\6151071045_VanCongHao\Lab03\Bai2_\Bai2_Lab03.csproj", "{796EE8E5-E38F-4DD6-B701-D6DBE736F4F6}"
EndProject
Project("{FAE04EC0-301F-11D3-BF4B-00C04F79EFBC}") = "Bai3_Lab03", "..\6151071045_VanCongHao\Lab03\Bai3_\Bai3_Lab03.csproj", "{F7AA3AA0-12A1-4CFC-8B02-698DCBD19906}"
EndProject
Project("{FAE04EC0-301F-11D3-BF4B-00C04F79EFBC}") = "BaiTap1_TuLam_Lab03", "..\6151071045_VanCongHao\Lab03\BaiTap1_TuLam\BaiTap1_TuLam_Lab03.csproj", "{322FAB9B-3E20-4091-BF8E-DDD071839C2A}"
EndProject
Project("{FAE04EC0-301F-11D3-BF4B-00C04F79EFBC}") = "BaiTap2_TuLam_Lab03", "..\6151071045_VanCongHao\Lab03\BaiTap2_TuLam\BaiTap2_TuLam_Lab03.csproj", "{EDBC9D8C-7684-4626-97C5-62BF72FA3DA4}"
EndProject
Project("{FAE04EC0-301F-11D3-BF4B-00C04F79EFBC}") = "Bai1_Lab04", "..\6151071045_VanCongHao\Lab04\Bai1_\Bai1_Lab04.csproj", "{B3D3831D-934A-4BFA-B4ED-5EDC438482A6}"
EndProject
Project("{FAE04EC0-301F-11D3-BF4B-00C04F79EFBC}") = "Bai2_Lab04", "..\6151071045_VanCongHao\Lab04\Bai2_\Bai2_Lab04.csproj", "{B2E8E163-68DA-4EB1-874C-BC9E88C5EA12}"
EndProject
Project("{FAE04EC0-301F-11D3-BF4B-00C04F79EFBC}") = "BookStoreManager_Lab05", "..\6151071045_VanCongHao\Lab05\BookStoreManager\BookStoreManager_Lab05.csproj", "{13E5AFB7-B326-48BE-9FD6-EB38940CBF68}"
EndProject
Global
	GlobalSection(SolutionConfigurationPlatforms) = preSolution
		Debug|Any CPU = Debug|Any CPU
		Release|Any CPU = Release|Any CPU
	EndGlobalSection
	GlobalSection(ProjectConfigurationPlatforms) = postSolution
		{F47F90FD-54BE-4B78-9C23-BB78A8B6812D}.Debug|Any CPU.ActiveCfg = Debug|Any CPU
		{F47F90FD-54BE-4B78-9C23-BB78A8B6812D}.Debug|Any CPU.Build.0 = Debug|Any CPU
		{F47F90FD-54BE-4B78-9C23-BB78A8B6812D}.Release|Any CPU.ActiveCfg = Release|Any CPU
		{F47F90FD-54BE-4B78-9C23-BB78A8B6812D}.Release|Any CPU.Build.0 = Release|Any CPU
		{C3AC071B-0689-4BD5-82F1-D204D88B8307}.Debug|Any CPU.ActiveCfg = Debug|Any CPU
		{C3AC071B-0689-4BD5-82F1-D204D88B8307}.Debug|Any CPU.Build.0 = Debug|Any CPU
		{C3AC071B-0689-4BD5-82F1-D204D88B8307}.Release|Any CPU.ActiveCfg = Release|Any CPU
		{C3AC071B-0689-4BD5-82F1-D204D88B8307}.Release|Any CPU.Build.0 = Release|Any CPU
		{1B313D63-B5D3-4996-B688-E09F8AA50BD0}.Debug|Any CPU.ActiveCfg = Debug|Any CPU
		{1B313D63-B5D3-4996-B688-E09F8AA50BD0}.Debug|Any CPU.Build.0 = Debug|Any CPU
		{1B313D63-B5D3-4996-B688-E09F8AA50BD0}.Release|Any CPU.ActiveCfg = Release|Any CPU
		{1B313D63-B5D3-4996-B688-E09F8AA50BD0}.Release|Any CPU.Build.0 = Release|Any CPU
		{1AE5BC59-BCA3-4977-96EB-92F18875C22C}.Debug|Any CPU.ActiveCfg = Debug|Any CPU
		{1AE5BC59-BCA3-4977-96EB-92F18875C22C}.Debug|Any CPU.Build.0 = Debug|Any CPU
		{1AE5BC59-BCA3-4977-96EB-92F18875C22C}.Release|Any CPU.ActiveCfg = Release|Any CPU
		{1AE5BC59-BCA3-4977-96EB-92F18875C22C}.Release|Any CPU.Build.0 = Release|Any CPU
		{94E629EC-270E-419F-A5A1-CC85427585EA}.Debug|Any CPU.ActiveCfg = Debug|Any CPU
		{94E629EC-270E-419F-A5A1-CC85427585EA}.Debug|Any CPU.Build.0 = Debug|Any CPU
		{94E629EC-270E-419F-A5A1-CC85427585EA}.Release|Any CPU.ActiveCfg = Release|Any CPU
		{94E629EC-270E-419F-A5A1-CC85427585EA}.Release|Any CPU.Build.0 = Release|Any CPU
		{4B8A7EED-F31B-440D-A7A6-E819320EA07B}.Debug|Any CPU.ActiveCfg = Debug|Any CPU
		{4B8A7EED-F31B-440D-A7A6-E819320EA07B}.Debug|Any CPU.Build.0 = Debug|Any CPU
		{4B8A7EED-F31B-440D-A7A6-E819320EA07B}.Release|Any CPU.ActiveCfg = Release|Any CPU
		{4B8A7EED-F31B-440D-A7A6-E819320EA07B}.Release|Any CPU.Build.0 = Release|Any CPU
		{796EE8E5-E38F-4DD6-B701-D6DBE736F4F6}.Debug|Any CPU.ActiveCfg = Debug|Any CPU
		{796EE8E5-E38F-4DD6-B701-D6DBE736F4F6}.Debug|Any CPU.Build.0 = Debug|Any CPU
		{796EE8E5-E38F-4DD6-B701-D6DBE736F4F6}.Release|Any CPU.ActiveCfg = Release|Any CPU
		{796EE8E5-E38F-4DD6-B701-D6DBE736F4F6}.Release|Any CPU.Build.0 = Release|Any CPU
		{F7AA3AA0-12A1-4CFC-8B02-698DCBD19906}.Debug|Any CPU.ActiveCfg = Debug|Any CPU
		{F7AA3AA0-12A1-4CFC-8B02-698DCBD19906}.Debug|Any CPU.Build.0 = Debug|Any CPU
		{F7AA3AA0-12A1-4CFC-8B02-698DCBD19906}.Release|Any CPU.ActiveCfg = Release|Any CPU
		{F7AA3AA0-12A1-4CFC-8B02-698DCBD19906}.Release|Any CPU.Build.0 = Release|Any CPU
		{322FAB9B-3E20-4091-BF8E-DDD071839C2A}.Debug|Any CPU.ActiveCfg = Debug|Any CPU
		{322FAB9B-3E20-4091-BF8E-DDD071839C2A}.Debug|Any CPU.Build.0 = Debug|Any CPU
		{322FAB9B-3E20-4091-BF8E-DDD071839C2A}.Release|Any CPU.ActiveCfg = Release|Any CPU
		{322FAB9B-3E20-4091-BF8E-DDD071839C2A}.Release|Any CPU.Build.0 = Release|Any CPU
		{EDBC9D8C-7684-4626-97C5-62BF72FA3DA4}.Debug|Any CPU.ActiveCfg = Debug|Any CPU
		{EDBC9D8C-7684-4626-97C5-62BF72FA3DA4}.Debug|Any CPU.Build.0 = Debug|Any CPU
		{EDBC9D8C-7684-4626-97C5-62BF72FA3DA4}.Release|Any CPU.ActiveCfg = Release|Any CPU
		{EDBC9D8C-7684-4626-97C5-62BF72FA3DA4}.Release|Any CPU.Build.0 = Release|Any CPU
		{B3D3831D-934A-4BFA-B4ED-5EDC438482A6}.Debug|Any CPU.ActiveCfg = Debug|Any CPU
		{B3D3831D-934A-4BFA-B4ED-5EDC438482A6}.Debug|Any CPU.Build.0 = Debug|Any CPU
		{B3D3831D-934A-4BFA-B4ED-5EDC438482A6}.Release|Any CPU.ActiveCfg = Release|Any CPU
		{B3D3831D-934A-4BFA-B4ED-5EDC438482A6}.Release|Any CPU.Build.0 = Release|Any CPU
		{B2E8E163-68DA-4EB1-874C-BC9E88C5EA12}.Debug|Any CPU.ActiveCfg = Debug|Any CPU
		{B2E8E163-68DA-4EB1-874C-BC9E88C5EA12}.Debug|Any CPU.Build.0 = Debug|Any CPU
		{B2E8E163-68DA-4EB1-874C-BC9E88C5EA12}.Release|Any CPU.ActiveCfg = Release|Any CPU
		{B2E8E163-68DA-4EB1-874C-BC9E88C5EA12}.Release|Any CPU.Build.0 = Release|Any CPU
		{13E5AFB7-B326-48BE-9FD6-EB38940CBF68}.Debug|Any CPU.ActiveCfg = Debug|Any CPU
		{13E5AFB7-B326-48BE-9FD6-EB38940CBF68}.Debug|Any CPU.Build.0 = Debug|Any CPU
		{13E5AFB7-B326-48BE-9FD6-EB38940CBF68}.Release|Any CPU.ActiveCfg = Release|Any CPU
		{13E5AFB7-B326-48BE-9FD6-EB38940CBF68}.Release|Any CPU.Build.0 = Release|Any CPU
	EndGlobalSection
	GlobalSection(SolutionProperties) = preSolution
		HideSolutionNode = FALSE
	EndGlobalSection
	GlobalSection(ExtensibilityGlobals) = postSolution
		SolutionGuid = {1D371356-7797-46A2-BB20-612BCC66EC68}
	EndGlobalSection
EndGlobal
